{
  "lib/lockup": {
    "tag": {
      "name": "v3.0.1",
      "rev": "d0882200f335025364c75492b21591b843818cad"
    }
  },
  "lib/openzeppelin-contracts": {
    "tag": {
      "name": "v5.7.0",
      "rev": "cab19933c33c2ad1d4c7a84864a3601dddfd16f3"
    }
  },
  "lib/prb-math": {
    "tag": {
      "name": "v4.1.2",
      "rev": "4daeacdeacdf90997117e39b8970c1346eed9e8b"
    }
  }
}